
Microsoft Visual Studio Solution File, Format Version 12.00
# Visual Studio Version 16
VisualStudioVersion = 16.0.30717.126
MinimumVisualStudioVersion = 10.0.40219.1
Project("{FAE04EC0-301F-11D3-BF4B-00C04F79EFBC}") = "SalesWebMvc", "SalesWebMvc\SalesWebMvc.csproj", "{DE16A16C-883A-474A-9C71-7B9AE2C0FB5F}"
EndProject
Global
	GlobalSection(SolutionConfigurationPlatforms) = preSolution
		Debug|Any CPU = Debug|Any CPU
		Release|Any CPU = Release|Any CPU
	EndGlobalSection
	GlobalSection(ProjectConfigurationPlatforms) = postSolution
		{DE16A16C-883A-474A-9C71-7B9AE2C0FB5F}.Debug|Any CPU.ActiveCfg = Debug|Any CPU
		{DE16A16C-883A-474A-9C71-7B9AE2C0FB5F}.Debug|Any CPU.Build.0 = Debug|Any CPU
		{DE16A16C-883A-474A-9C71-7B9AE2C0FB5F}.Release|Any CPU.ActiveCfg = Release|Any CPU
		{DE16A16C-883A-474A-9C71-7B9AE2C0FB5F}.Release|Any CPU.Build.0 = Release|Any CPU
	EndGlobalSection
	GlobalSection(SolutionProperties) = preSolution
		HideSolutionNode = FALSE
	EndGlobalSection
	GlobalSection(ExtensibilityGlobals) = postSolution
		SolutionGuid = {8ABED322-4A96-48A9-9BED-50F7F03FEAF4}
	EndGlobalSection
EndGlobal
